
Microsoft Visual Studio Solution File, Format Version 12.00
# Visual Studio Version 17
VisualStudioVersion = 17.8.34330.188
MinimumVisualStudioVersion = 10.0.40219.1
Project("{FAE04EC0-301F-11D3-BF4B-00C04F79EFBC}") = "Games", "Games.csproj", "{E16CB3C2-7FEE-4C3F-9A86-FF8D5A38965C}"
EndProject
Global
	GlobalSection(SolutionConfigurationPlatforms) = preSolution
		Debug|Any CPU = Debug|Any CPU
		Release|Any CPU = Release|Any CPU
	EndGlobalSection
	GlobalSection(ProjectConfigurationPlatforms) = postSolution
		{E16CB3C2-7FEE-4C3F-9A86-FF8D5A38965C}.Debug|Any CPU.ActiveCfg = Debug|Any CPU
		{E16CB3C2-7FEE-4C3F-9A86-FF8D5A38965C}.Debug|Any CPU.Build.0 = Debug|Any CPU
		{E16CB3C2-7FEE-4C3F-9A86-FF8D5A38965C}.Release|Any CPU.ActiveCfg = Release|Any CPU
		{E16CB3C2-7FEE-4C3F-9A86-FF8D5A38965C}.Release|Any CPU.Build.0 = Release|Any CPU
	EndGlobalSection
	GlobalSection(SolutionProperties) = preSolution
		HideSolutionNode = FALSE
	EndGlobalSection
	GlobalSection(ExtensibilityGlobals) = postSolution
		SolutionGuid = {75F15DB8-06DD-44F3-A06D-AE38D061D251}
	EndGlobalSection
EndGlobal
